
Microsoft Visual Studio Solution File, Format Version 12.00
# Visual Studio Version 17
VisualStudioVersion = 17.8.34330.188
MinimumVisualStudioVersion = 10.0.40219.1
Project("{FAE04EC0-301F-11D3-BF4B-00C04F79EFBC}") = "AppRegrando", "AppRegrando\AppRegrando.csproj", "{5CC38F68-E594-4B74-8218-6A07F15E92D0}"
EndProject
Global
	GlobalSection(SolutionConfigurationPlatforms) = preSolution
		Debug|Any CPU = Debug|Any CPU
		Release|Any CPU = Release|Any CPU
	EndGlobalSection
	GlobalSection(ProjectConfigurationPlatforms) = postSolution
		{5CC38F68-E594-4B74-8218-6A07F15E92D0}.Debug|Any CPU.ActiveCfg = Debug|Any CPU
		{5CC38F68-E594-4B74-8218-6A07F15E92D0}.Debug|Any CPU.Build.0 = Debug|Any CPU
		{5CC38F68-E594-4B74-8218-6A07F15E92D0}.Debug|Any CPU.Deploy.0 = Debug|Any CPU
		{5CC38F68-E594-4B74-8218-6A07F15E92D0}.Release|Any CPU.ActiveCfg = Release|Any CPU
		{5CC38F68-E594-4B74-8218-6A07F15E92D0}.Release|Any CPU.Build.0 = Release|Any CPU
		{5CC38F68-E594-4B74-8218-6A07F15E92D0}.Release|Any CPU.Deploy.0 = Release|Any CPU
	EndGlobalSection
	GlobalSection(SolutionProperties) = preSolution
		HideSolutionNode = FALSE
	EndGlobalSection
	GlobalSection(ExtensibilityGlobals) = postSolution
		SolutionGuid = {8C55D8B2-11DD-4C3C-B80E-CE4171BFFF6D}
	EndGlobalSection
EndGlobal
